{
  "name": "ajs_nodejs",
  "version": "1.0.0",
  "lockfileVersion": 3,
  "requires": true,
  "packages": {
    "": {
      "name": "ajs_nodejs",
      "version": "1.0.0",
      "license": "ISC",
      "dependencies": {
        "@kateshenyang/ajs": "^1.0.0"
      }
    },
    "node_modules/@kateshenyang/ajs": {
      "version": "1.0.0",
      "resolved": "https://npm.pkg.github.com/download/@kateshenyang/ajs/1.0.0/ef5e54432c00cac63777bbb111c48c4c816fdc3f",
      "integrity": "sha512-r7QSOiTKBaIJrIx8OAh9fLlNdMKFt+t9DXlDDF8gIcNqDnX0BhqTGQK0fOCtDg/cWNdQWxvMEMMzoJB3m+6Ecw==",
      "license": "ISC"
    }
  }
}
